
Microsoft Visual Studio Solution File, Format Version 12.00
# Visual Studio Version 16
VisualStudioVersion = 16.0.29424.173
MinimumVisualStudioVersion = 10.0.40219.1
Project("{9A19103F-16F7-4668-BE54-9A1E7A4F7556}") = "Google.Maps.Geocoding.Core", "Google.Maps.Geocoding.Core\Google.Maps.Geocoding.Core.csproj", "{3DE67CBB-E6E2-477B-9E42-79A3D0789769}"
EndProject
Project("{FAE04EC0-301F-11D3-BF4B-00C04F79EFBC}") = "Google.Maps.Geocoding.Core.Cli", "Google.Maps.Geocoding.Core.Cli\Google.Maps.Geocoding.Core.Cli.csproj", "{AE526D44-A710-437A-9710-BE8BE72B8A20}"
EndProject
Global
	GlobalSection(SolutionConfigurationPlatforms) = preSolution
		Debug|Any CPU = Debug|Any CPU
		Release|Any CPU = Release|Any CPU
	EndGlobalSection
	GlobalSection(ProjectConfigurationPlatforms) = postSolution
		{3DE67CBB-E6E2-477B-9E42-79A3D0789769}.Debug|Any CPU.ActiveCfg = Debug|Any CPU
		{3DE67CBB-E6E2-477B-9E42-79A3D0789769}.Debug|Any CPU.Build.0 = Debug|Any CPU
		{3DE67CBB-E6E2-477B-9E42-79A3D0789769}.Release|Any CPU.ActiveCfg = Release|Any CPU
		{3DE67CBB-E6E2-477B-9E42-79A3D0789769}.Release|Any CPU.Build.0 = Release|Any CPU
		{AE526D44-A710-437A-9710-BE8BE72B8A20}.Debug|Any CPU.ActiveCfg = Debug|Any CPU
		{AE526D44-A710-437A-9710-BE8BE72B8A20}.Debug|Any CPU.Build.0 = Debug|Any CPU
		{AE526D44-A710-437A-9710-BE8BE72B8A20}.Release|Any CPU.ActiveCfg = Release|Any CPU
		{AE526D44-A710-437A-9710-BE8BE72B8A20}.Release|Any CPU.Build.0 = Release|Any CPU
	EndGlobalSection
	GlobalSection(SolutionProperties) = preSolution
		HideSolutionNode = FALSE
	EndGlobalSection
	GlobalSection(ExtensibilityGlobals) = postSolution
		SolutionGuid = {2898B2A2-AD75-4A76-B2CC-4E50B42D9722}
	EndGlobalSection
EndGlobal
